Microsoft Visual Studio Solution File, Format Version 12.00
# Visual Studio 2013
VisualStudioVersion = 12.0.31101.0
MinimumVisualStudioVersion = 10.0.40219.1
Project("{2150E333-8FDC-42A3-9474-1A3956D46DE8}") = "Applications", "Applications", "{46F9D19D-A144-4533-A67C-885F10C584B2}"
EndProject
Project("{FAE04EC0-301F-11D3-BF4B-00C04F79EFBC}") = "PluralSightDownloader.WinForms", "src\PluralSightDownloader.WinForms\PluralSightDownloader.WinForms.csproj", "{970EA99E-7FB8-4651-B547-D245E3FB5E51}"
EndProject
Project("{2150E333-8FDC-42A3-9474-1A3956D46DE8}") = "Libraries", "Libraries", "{04D547AD-BE47-42D5-80A1-4BDE2EB394AD}"
EndProject
Project("{FAE04EC0-301F-11D3-BF4B-00C04F79EFBC}") = "PluralSightDownloader.Common", "src\PluralSightDownloader.Common\PluralSightDownloader.Common.csproj", "{774620AB-EFF0-47CE-B8A1-93C51231677A}"
EndProject
Project("{FAE04EC0-301F-11D3-BF4B-00C04F79EFBC}") = "PluralSightDownloader.Core", "src\PluralSightDownloader.Core\PluralSightDownloader.Core.csproj", "{8080AB2B-869B-4401-B74A-207ACD0F8031}"
EndProject
Global
	GlobalSection(SolutionConfigurationPlatforms) = preSolution
		Debug|Any CPU = Debug|Any CPU
		Release|Any CPU = Release|Any CPU
	EndGlobalSection
	GlobalSection(ProjectConfigurationPlatforms) = postSolution
		{970EA99E-7FB8-4651-B547-D245E3FB5E51}.Debug|Any CPU.ActiveCfg = Debug|Any CPU
		{970EA99E-7FB8-4651-B547-D245E3FB5E51}.Debug|Any CPU.Build.0 = Debug|Any CPU
		{970EA99E-7FB8-4651-B547-D245E3FB5E51}.Release|Any CPU.ActiveCfg = Release|Any CPU
		{970EA99E-7FB8-4651-B547-D245E3FB5E51}.Release|Any CPU.Build.0 = Release|Any CPU
		{774620AB-EFF0-47CE-B8A1-93C51231677A}.Debug|Any CPU.ActiveCfg = Debug|Any CPU
		{774620AB-EFF0-47CE-B8A1-93C51231677A}.Debug|Any CPU.Build.0 = Debug|Any CPU
		{774620AB-EFF0-47CE-B8A1-93C51231677A}.Release|Any CPU.ActiveCfg = Release|Any CPU
		{774620AB-EFF0-47CE-B8A1-93C51231677A}.Release|Any CPU.Build.0 = Release|Any CPU
		{8080AB2B-869B-4401-B74A-207ACD0F8031}.Debug|Any CPU.ActiveCfg = Debug|Any CPU
		{8080AB2B-869B-4401-B74A-207ACD0F8031}.Debug|Any CPU.Build.0 = Debug|Any CPU
		{8080AB2B-869B-4401-B74A-207ACD0F8031}.Release|Any CPU.ActiveCfg = Release|Any CPU
		{8080AB2B-869B-4401-B74A-207ACD0F8031}.Release|Any CPU.Build.0 = Release|Any CPU
	EndGlobalSection
	GlobalSection(SolutionProperties) = preSolution
		HideSolutionNode = FALSE
	EndGlobalSection
	GlobalSection(NestedProjects) = preSolution
		{970EA99E-7FB8-4651-B547-D245E3FB5E51} = {46F9D19D-A144-4533-A67C-885F10C584B2}
		{774620AB-EFF0-47CE-B8A1-93C51231677A} = {04D547AD-BE47-42D5-80A1-4BDE2EB394AD}
		{8080AB2B-869B-4401-B74A-207ACD0F8031} = {04D547AD-BE47-42D5-80A1-4BDE2EB394AD}
	EndGlobalSection
EndGlobal
